
Microsoft Visual Studio Solution File, Format Version 12.00
# Visual Studio Version 17
VisualStudioVersion = 17.4.33213.308
MinimumVisualStudioVersion = 10.0.40219.1
Project("{FAE04EC0-301F-11D3-BF4B-00C04F79EFBC}") = "HangfirePOV", "HangfirePOV\HangfirePOV.csproj", "{40795B81-A129-4476-988F-0E8A96F65297}"
EndProject
Global
	GlobalSection(SolutionConfigurationPlatforms) = preSolution
		Debug|Any CPU = Debug|Any CPU
		Release|Any CPU = Release|Any CPU
	EndGlobalSection
	GlobalSection(ProjectConfigurationPlatforms) = postSolution
		{40795B81-A129-4476-988F-0E8A96F65297}.Debug|Any CPU.ActiveCfg = Debug|Any CPU
		{40795B81-A129-4476-988F-0E8A96F65297}.Debug|Any CPU.Build.0 = Debug|Any CPU
		{40795B81-A129-4476-988F-0E8A96F65297}.Release|Any CPU.ActiveCfg = Release|Any CPU
		{40795B81-A129-4476-988F-0E8A96F65297}.Release|Any CPU.Build.0 = Release|Any CPU
	EndGlobalSection
	GlobalSection(SolutionProperties) = preSolution
		HideSolutionNode = FALSE
	EndGlobalSection
	GlobalSection(ExtensibilityGlobals) = postSolution
		SolutionGuid = {50F6D52F-D11F-4D5A-8903-96A18CE3D409}
	EndGlobalSection
EndGlobal
